<?xml version="1.0" encoding="utf-8"?>
<Project ToolsVersion="4.0" xmlns="http://schemas.microsoft.com/developer/msbuild/2003">
  <ItemGroup>
    <Filter Include="Source Files">
      <UniqueIdentifier>{4FC737F1-C7A5-4376-A066-2A32D752A2FF}</UniqueIdentifier>
      <Extensions>cpp;c;cc;cxx;c++;cppm;ixx;def;odl;idl;hpj;bat;asm;asmx</Extensions>
    </Filter>
    <Filter Include="Header Files">
      <UniqueIdentifier>{93995380-89BD-4b04-88EB-625FBE52EBFB}</UniqueIdentifier>
      <Extensions>h;hh;hpp;hxx;h++;hm;inl;inc;ipp;xsd</Extensions>
    </Filter>
    <Filter Include="Resource Files">
      <UniqueIdentifier>{67DA6AB6-F800-4c08-8B7A-83BB121AAD01}</UniqueIdentifier>
      <Extensions>rc;ico;cur;bmp;dlg;rc2;rct;bin;rgs;gif;jpg;jpeg;jpe;resx;tiff;tif;png;wav;mfcribbon-ms</Extensions>
    </Filter>
  </ItemGroup>
  <ItemGroup>
    <ClCompile Include="OilWellProgram.cpp">
      <Filter>Source Files</Filter>
    </ClCompile>
    <ClCompile Include="Model.cpp">
      <Filter>Source Files</Filter>
    </ClCompile>
    <ClCompile Include="Sensor.cpp">
      <Filter>Source Files</Filter>
    </ClCompile>
    <ClCompile Include="View.cpp">
      <Filter>Source Files</Filter>
    </ClCompile>
    <ClCompile Include="Display.cpp">
      <Filter>Source Files</Filter>
    </ClCompile>
    <ClCompile Include="OilFieldDataParser.cpp">
      <Filter>Source Files</Filter>
    </ClCompile>
    <ClCompile Include="OilWell.cpp">
      <Filter>Source Files</Filter>
    </ClCompile>
    <ClCompile Include="OilWellList.cpp">
      <Filter>Source Files</Filter>
    </ClCompile>
    <ClCompile Include="OilWellSimulation.cpp">
      <Filter>Source Files</Filter>
    </ClCompile>
    <ClCompile Include="SensorFactory.cpp">
      <Filter>Source Files</Filter>
    </ClCompile>
    <ClCompile Include="AlgoFactory.cpp">
      <Filter>Source Files</Filter>
    </ClCompile>
    <ClCompile Include="AlgoStrategy.cpp">
      <Filter>Source Files</Filter>
    </ClCompile>
    <ClCompile Include="AlgoOne.cpp">
      <Filter>Source Files</Filter>
    </ClCompile>
    <ClCompile Include="AlgoTwo.cpp">
      <Filter>Source Files</Filter>
    </ClCompile>
    <ClCompile Include="AlgoThree.cpp">
      <Filter>Source Files</Filter>
    </ClCompile>
    <ClCompile Include="AlgoFour.cpp">
      <Filter>Source Files</Filter>
    </ClCompile>
    <ClCompile Include="AlgoFive.cpp">
      <Filter>Source Files</Filter>
    </ClCompile>
  </ItemGroup>
  <ItemGroup>
    <ClInclude Include="OilWellSimulation.h">
      <Filter>Header Files</Filter>
    </ClInclude>
    <ClInclude Include="Model.h">
      <Filter>Header Files</Filter>
    </ClInclude>
    <ClInclude Include="Sensor.h">
      <Filter>Header Files</Filter>
    </ClInclude>
    <ClInclude Include="View.h">
      <Filter>Header Files</Filter>
    </ClInclude>
    <ClInclude Include="Display.h">
      <Filter>Header Files</Filter>
    </ClInclude>
    <ClInclude Include="OilWellList.h">
      <Filter>Header Files</Filter>
    </ClInclude>
    <ClInclude Include="OilWell.h">
      <Filter>Header Files</Filter>
    </ClInclude>
    <ClInclude Include="OilFieldDataParser.h">
      <Filter>Header Files</Filter>
    </ClInclude>
    <ClInclude Include="SensorFactory.h">
      <Filter>Header Files</Filter>
    </ClInclude>
    <ClInclude Include="AlgoFactory.h">
      <Filter>Header Files</Filter>
    </ClInclude>
    <ClInclude Include="AlgoStrategy.h">
      <Filter>Header Files</Filter>
    </ClInclude>
    <ClInclude Include="AlgoOne.h">
      <Filter>Header Files</Filter>
    </ClInclude>
    <ClInclude Include="AlgoTwo.h">
      <Filter>Header Files</Filter>
    </ClInclude>
    <ClInclude Include="AlgoThree.h">
      <Filter>Header Files</Filter>
    </ClInclude>
    <ClInclude Include="AlgoFour.h">
      <Filter>Header Files</Filter>
    </ClInclude>
    <ClInclude Include="AlgoFive.h">
      <Filter>Header Files</Filter>
    </ClInclude>
  </ItemGroup>
  <ItemGroup>
    <Xml Include="OilFieldData2.xml">
      <Filter>Resource Files</Filter>
    </Xml>
  </ItemGroup>
</Project>